# THIS IS AN AUTOGENERATED FILE. DO NOT EDIT THIS FILE DIRECTLY.
# yarn lockfile v1


now-micro-api@^0.0.1:
  version "0.0.1"
  resolved "https://registry.yarnpkg.com/now-micro-api/-/now-micro-api-0.0.1.tgz#11f51f021c7b35467f9bf1ba82547c36359d5dbb"
  integrity sha512-vNeG586Jq0GWZot0VHKuUFRlb3wjNp9uYaNp/RQ+A+aJ4ATr9P73XoaMkQpaYbO5LtHF1kHe5hH1m4LjVbHczA==
  dependencies:
    qs "^6.6.0"

qs@^6.6.0:
  version "6.6.0"
  resolved "https://registry.yarnpkg.com/qs/-/qs-6.6.0.tgz#a99c0f69a8d26bf7ef012f871cdabb0aee4424c2"
  integrity sha512-KIJqT9jQJDQx5h5uAVPimw6yVg2SekOKu959OCtktD3FjzbpvaPr8i4zzg07DOMz+igA4W/aNM7OV8H37pFYfA==
